
Microsoft Visual Studio Solution File, Format Version 12.00
# Visual Studio Version 17
VisualStudioVersion = 17.5.33516.290
MinimumVisualStudioVersion = 10.0.40219.1
Project("{8BC9CEB8-8B4A-11D0-8D11-00A0C91BC942}") = "windows.devices.nearobject", "windows.devices.nearobject\windows.devices.nearobject.vcxproj", "{58F1D053-3DB7-4D58-A288-3687B1861C88}"
EndProject
Global
	GlobalSection(SolutionConfigurationPlatforms) = preSolution
		Debug|ARM64 = Debug|ARM64
		Debug|x64 = Debug|x64
		Release|ARM64 = Release|ARM64
		Release|x64 = Release|x64
	EndGlobalSection
	GlobalSection(ProjectConfigurationPlatforms) = postSolution
		{58F1D053-3DB7-4D58-A288-3687B1861C88}.Debug|ARM64.ActiveCfg = Debug|ARM64
		{58F1D053-3DB7-4D58-A288-3687B1861C88}.Debug|ARM64.Build.0 = Debug|ARM64
		{58F1D053-3DB7-4D58-A288-3687B1861C88}.Debug|x64.ActiveCfg = Debug|x64
		{58F1D053-3DB7-4D58-A288-3687B1861C88}.Debug|x64.Build.0 = Debug|x64
		{58F1D053-3DB7-4D58-A288-3687B1861C88}.Release|ARM64.ActiveCfg = Release|ARM64
		{58F1D053-3DB7-4D58-A288-3687B1861C88}.Release|ARM64.Build.0 = Release|ARM64
		{58F1D053-3DB7-4D58-A288-3687B1861C88}.Release|x64.ActiveCfg = Release|x64
		{58F1D053-3DB7-4D58-A288-3687B1861C88}.Release|x64.Build.0 = Release|x64
	EndGlobalSection
	GlobalSection(SolutionProperties) = preSolution
		HideSolutionNode = FALSE
	EndGlobalSection
	GlobalSection(ExtensibilityGlobals) = postSolution
		SolutionGuid = {59058F2A-8101-4D11-A748-BA598226D0A2}
	EndGlobalSection
EndGlobal
