<?xml version="1.0" encoding="utf-8"?>
<Project ToolsVersion="4.0" xmlns="http://schemas.microsoft.com/developer/msbuild/2003">
  <ItemGroup>
    <Filter Include="Source Files">
      <UniqueIdentifier>{4FC737F1-C7A5-4376-A066-2A32D752A2FF}</UniqueIdentifier>
      <Extensions>cpp;c;cc;cxx;def;odl;idl;hpj;bat;asm;asmx</Extensions>
    </Filter>
    <Filter Include="Header Files">
      <UniqueIdentifier>{93995380-89BD-4b04-88EB-625FBE52EBFB}</UniqueIdentifier>
      <Extensions>h;hpp;hxx;hm;inl;inc;xsd</Extensions>
    </Filter>
    <Filter Include="Resource Files">
      <UniqueIdentifier>{67DA6AB6-F800-4c08-8B7A-83BB121AAD01}</UniqueIdentifier>
      <Extensions>rc;ico;cur;bmp;dlg;rc2;rct;bin;rgs;gif;jpg;jpeg;jpe;resx;tiff;tif;png;wav;mfcribbon-ms</Extensions>
    </Filter>
    <Filter Include="Driver Files">
      <UniqueIdentifier>{8E41214B-6785-4CFE-B992-037D68949A14}</UniqueIdentifier>
      <Extensions>inf;inv;inx;mof;mc;</Extensions>
    </Filter>
    <Filter Include="Scripts">
      <UniqueIdentifier>{066bd1f5-105d-44f9-856b-9c544fe8b61d}</UniqueIdentifier>
    </Filter>
    <Filter Include="Header Files\Public">
      <UniqueIdentifier>{59b3c401-38e4-46ba-8081-5bf6a82229ff}</UniqueIdentifier>
    </Filter>
    <Filter Include="Packaging Files">
      <UniqueIdentifier>{6d0e3a21-d3b8-4a77-8195-7218ec5a553d}</UniqueIdentifier>
    </Filter>
  </ItemGroup>
  <ItemGroup>
    <Inf Include="UwbSimulator.inf">
      <Filter>Driver Files</Filter>
    </Inf>
  </ItemGroup>
  <ItemGroup>
    <ClInclude Include="UwbSimulatorIoQueue.hxx">
      <Filter>Header Files</Filter>
    </ClInclude>
    <ClInclude Include="UwbSimulatorDevice.hxx">
      <Filter>Header Files</Filter>
    </ClInclude>
    <ClInclude Include="UwbSimulatorDeviceFile.hxx">
      <Filter>Header Files</Filter>
    </ClInclude>
    <ClInclude Include="UwbSimulatorTracelogging.hxx">
      <Filter>Header Files</Filter>
    </ClInclude>
    <ClInclude Include="include\UwbSimulatorDdi.h">
      <Filter>Header Files\Public</Filter>
    </ClInclude>
    <ClInclude Include="UwbSimulatorDdiCallbacksLrp.hxx">
      <Filter>Header Files\Public</Filter>
    </ClInclude>
    <ClInclude Include="UwbSimulatorDdiCallbacksLrpNoop.hxx">
      <Filter>Header Files</Filter>
    </ClInclude>
    <ClInclude Include="UwbCxLrpDevice.h">
      <Filter>Header Files</Filter>
    </ClInclude>
    <ClInclude Include="UwbSimulatorDriver.hxx">
      <Filter>Header Files</Filter>
    </ClInclude>
    <ClInclude Include="UwbSimulatorDdiHandler.hxx">
      <Filter>Header Files</Filter>
    </ClInclude>
    <ClInclude Include="UwbSimulatorDdiHandlerLrp.hxx">
      <Filter>Header Files</Filter>
    </ClInclude>
    <ClInclude Include="UwbSimulatorDispatchEntry.hxx">
      <Filter>Header Files</Filter>
    </ClInclude>
  </ItemGroup>
  <ItemGroup>
    <ClCompile Include="UwbSimulatorIoQueue.cxx">
      <Filter>Source Files</Filter>
    </ClCompile>
    <ClCompile Include="UwbSimulatorDevice.cxx">
      <Filter>Source Files</Filter>
    </ClCompile>
    <ClCompile Include="UwbSimulatorDeviceFile.cxx">
      <Filter>Source Files</Filter>
    </ClCompile>
    <ClCompile Include="UwbSimulatorTracelogging.cxx">
      <Filter>Source Files</Filter>
    </ClCompile>
    <ClCompile Include="UwbSimulatorDdiCallbacksLrpNoop.cxx">
      <Filter>Source Files</Filter>
    </ClCompile>
    <ClCompile Include="UwbSimulatorDriver.cxx">
      <Filter>Source Files</Filter>
    </ClCompile>
    <ClCompile Include="UwbSimulatorDdiHandlerLrp.cxx">
      <Filter>Source Files</Filter>
    </ClCompile>
  </ItemGroup>
  <ItemGroup>
    <None Include="UwbSimulatorTrace.wprp">
      <Filter>Scripts</Filter>
    </None>
    <None Include="vcpkg.json">
      <Filter>Packaging Files</Filter>
    </None>
    <None Include="vcpkg-configuration.json">
      <Filter>Packaging Files</Filter>
    </None>
  </ItemGroup>
</Project>